
Microsoft Visual Studio Solution File, Format Version 12.00
# Visual Studio Version 17
VisualStudioVersion = 17.3.32825.248
MinimumVisualStudioVersion = 10.0.40219.1
Project("{8BC9CEB8-8B4A-11D0-8D11-00A0C91BC942}") = "MidTerm062", "MidTerm062.vcxproj", "{ECF34912-2323-44BC-9996-3A792563E69B}"
EndProject
Global
	GlobalSection(SolutionConfigurationPlatforms) = preSolution
		Debug|x64 = Debug|x64
		Debug|x86 = Debug|x86
		Release|x64 = Release|x64
		Release|x86 = Release|x86
	EndGlobalSection
	GlobalSection(ProjectConfigurationPlatforms) = postSolution
		{ECF34912-2323-44BC-9996-3A792563E69B}.Debug|x64.ActiveCfg = Debug|x64
		{ECF34912-2323-44BC-9996-3A792563E69B}.Debug|x64.Build.0 = Debug|x64
		{ECF34912-2323-44BC-9996-3A792563E69B}.Debug|x86.ActiveCfg = Debug|Win32
		{ECF34912-2323-44BC-9996-3A792563E69B}.Debug|x86.Build.0 = Debug|Win32
		{ECF34912-2323-44BC-9996-3A792563E69B}.Release|x64.ActiveCfg = Release|x64
		{ECF34912-2323-44BC-9996-3A792563E69B}.Release|x64.Build.0 = Release|x64
		{ECF34912-2323-44BC-9996-3A792563E69B}.Release|x86.ActiveCfg = Release|Win32
		{ECF34912-2323-44BC-9996-3A792563E69B}.Release|x86.Build.0 = Release|Win32
	EndGlobalSection
	GlobalSection(SolutionProperties) = preSolution
		HideSolutionNode = FALSE
	EndGlobalSection
	GlobalSection(ExtensibilityGlobals) = postSolution
		SolutionGuid = {5D84A17B-6C52-437A-85DB-CFE339F7686F}
	EndGlobalSection
EndGlobal
